// !$*UTF8*$!
{
	archiveVersion = 1;
	classes = {
	};
	objectVersion = 46;
	objects = {

/* Begin PBXBuildFile section */
		C4468EAD1CDB12F1002A3D3D /* AppDelegate.swift in Sources */ = {isa = PBXBuildFile; fileRef = C4468EAC1CDB12F1002A3D3D /* AppDelegate.swift */; };
		C4468EAF1CDB12F1002A3D3D /* ViewController.swift in Sources */ = {isa = PBXBuildFile; fileRef = C4468EAE1CDB12F1002A3D3D /* ViewController.swift */; };
		C4468EB21CDB12F1002A3D3D /* Main.storyboard in Resources */ = {isa = PBXBuildFile; fileRef = C4468EB01CDB12F1002A3D3D /* Main.storyboard */; };
		C4468EB41CDB12F1002A3D3D /* Assets.xcassets in Resources */ = {isa = PBXBuildFile; fileRef = C4468EB31CDB12F1002A3D3D /* Assets.xcassets */; };
		C4468EB71CDB12F1002A3D3D /* LaunchScreen.storyboard in Resources */ = {isa = PBXBuildFile; fileRef = C4468EB51CDB12F1002A3D3D /* LaunchScreen.storyboard */; };
/* End PBXBuildFile section */

/* Begin PBXFileReference section */
		C4468EA91CDB12F1002A3D3D /* Click Counter.app */ = {isa = PBXFileReference; explicitFileType = wrapper.application; includeInIndex = 0; path = "Click Counter.app"; sourceTree = BUILT_PRODUCTS_DIR; };
		C4468EAC1CDB12F1002A3D3D /* AppDelegate.swift */ = {isa = PBXFileReference; lastKnownFileType = sourcecode.swift; path = AppDelegate.swift; sourceTree = "<group>"; };
		C4468EAE1CDB12F1002A3D3D /* ViewController.swift */ = {isa = PBXFileReference; lastKnownFileType = sourcecode.swift; path = ViewController.swift; sourceTree = "<group>"; };
		C4468EB11CDB12F1002A3D3D /* Base */ = {isa = PBXFileReference; lastKnownFileType = file.storyboard; name = Base; path = Base.lproj/Main.storyboard; sourceTree = "<group>"; };
		C4468EB31CDB12F1002A3D3D /* Assets.xcassets */ = {isa = PBXFileReference; lastKnownFileType = folder.assetcatalog; path = Assets.xcassets; sourceTree = "<group>"; };
		C4468EB61CDB12F1002A3D3D /* Base */ = {isa = PBXFileReference; lastKnownFileType = file.storyboard; name = Base; path = Base.lproj/LaunchScreen.storyboard; sourceTree = "<group>"; };
		C4468EB81CDB12F1002A3D3D /* Info.plist */ = {isa = PBXFileReference; lastKnownFileType = text.plist.xml; path = Info.plist; sourceTree = "<group>"; };
/* End PBXFileReference section */

/* Begin PBXFrameworksBuildPhase section */
		C4468EA61CDB12F1002A3D3D /* Frameworks */ = {
			isa = PBXFrameworksBuildPhase;
			buildActionMask = 2147483647;
			files = (
			);
			runOnlyForDeploymentPostprocessing = 0;
		};
/* End PBXFrameworksBuildPhase section */

/* Begin PBXGroup section */
		C4468EA01CDB12F1002A3D3D = {
			isa = PBXGroup;
			children = (
				C4468EAB1CDB12F1002A3D3D /* Click Counter */,
				C4468EAA1CDB12F1002A3D3D /* Products */,
			);
			sourceTree = "<group>";
		};
		C4468EAA1CDB12F1002A3D3D /* Products */ = {
			isa = PBXGroup;
			children = (
				C4468EA91CDB12F1002A3D3D /* Click Counter.app */,
			);
			name = Products;
			sourceTree = "<group>";
		};
		C4468EAB1CDB12F1002A3D3D /* Click Counter */ = {
			isa = PBXGroup;
			children = (
				C4468EAC1CDB12F1002A3D3D /* AppDelegate.swift */,
				C4468EAE1CDB12F1002A3D3D /* ViewController.swift */,
				C4468EB01CDB12F1002A3D3D /* Main.storyboard */,
				C4468EB31CDB12F1002A3D3D /* Assets.xcassets */,
				C4468EB51CDB12F1002A3D3D /* LaunchScreen.storyboard */,
				C4468EB81CDB12F1002A3D3D /* Info.plist */,
			);
			path = "Click Counter";
			sourceTree = "<group>";
		};
/* End PBXGroup section */

/* Begin PBXNativeTarget section */
		C4468EA81CDB12F1002A3D3D /* Click Counter */ = {
			isa = PBXNativeTarget;
			buildConfigurationList = C4468EBB1CDB12F1002A3D3D /* Build configuration list for PBXNativeTarget "Click Counter" */;
			buildPhases = (
				C4468EA51CDB12F1002A3D3D /* Sources */,
				C4468EA61CDB12F1002A3D3D /* Frameworks */,
				C4468EA71CDB12F1002A3D3D /* Resources */,
			);
			buildRules = (
			);
			dependencies = (
			);
			name = "Click Counter";
			productName = "Click Counter";
			productReference = C4468EA91CDB12F1002A3D3D /* Click Counter.app */;
			productType = "com.apple.product-type.application";
		};
/* End PBXNativeTarget section */

/* Begin PBXProject section */
		C4468EA11CDB12F1002A3D3D /* Project object */ = {
			isa = PBXProject;
			attributes = {
				LastSwiftUpdateCheck = 0730;
				LastUpgradeCheck = 0730;
				ORGANIZATIONNAME = "Steve Henderson";
				TargetAttributes = {
					C4468EA81CDB12F1002A3D3D = {
						CreatedOnToolsVersion = 7.3;
					};
				};
			};
			buildConfigurationList = C4468EA41CDB12F1002A3D3D /* Build configuration list for PBXProject "Click Counter" */;
			compatibilityVersion = "Xcode 3.2";
			developmentRegion = English;
			hasScannedForEncodings = 0;
			knownRegions = (
				en,
				Base,
			);
			mainGroup = C4468EA01CDB12F1002A3D3D;
			productRefGroup = C4468EAA1CDB12F1002A3D3D /* Products */;
			projectDirPath = "";
			projectRoot = "";
			targets = (
				C4468EA81CDB12F1002A3D3D /* Click Counter */,
			);
		};
/* End PBXProject section */

/* Begin PBXResourcesBuildPhase section */
		C4468EA71CDB12F1002A3D3D /* Resources */ = {
			isa = PBXResourcesBuildPhase;
			buildActionMask = 2147483647;
			files = (
				C4468EB71CDB12F1002A3D3D /* LaunchScreen.storyboard in Resources */,
				C4468EB41CDB12F1002A3D3D /* Assets.xcassets in Resources */,
				C4468EB21CDB12F1002A3D3D /* Main.storyboard in Resources */,
			);
			runOnlyForDeploymentPostprocessing = 0;
		};
/* End PBXResourcesBuildPhase section */

/* Begin PBXSourcesBuildPhase section */
		C4468EA51CDB12F1002A3D3D /* Sources */ = {
			isa = PBXSourcesBuildPhase;
			buildActionMask = 2147483647;
			files = (
				C4468EAF1CDB12F1002A3D3D /* ViewController.swift in Sources */,
				C4468EAD1CDB12F1002A3D3D /* AppDelegate.swift in Sources */,
			);
			runOnlyForDeploymentPostprocessing = 0;
		};
/* End PBXSourcesBuildPhase section */

/* Begin PBXVariantGroup section */
		C4468EB01CDB12F1002A3D3D /* Main.storyboard */ = {
			isa = PBXVariantGroup;
			children = (
				C4468EB11CDB12F1002A3D3D /* Base */,
			);
			name = Main.storyboard;
			sourceTree = "<group>";
		};
		C4468EB51CDB12F1002A3D3D /* LaunchScreen.storyboard */ = {
			isa = PBXVariantGroup;
			children = (
				C4468EB61CDB12F1002A3D3D /* Base */,
			);
			name = LaunchScreen.storyboard;
			sourceTree = "<group>";
		};
/* End PBXVariantGroup section */

/* Begin XCBuildConfiguration section */
		C4468EB91CDB12F1002A3D3D /* Debug */ = {
			isa = XCBuildConfiguration;
			buildSettings = {
				ALWAYS_SEARCH_USER_PATHS = NO;
				CLANG_ANALYZER_NONNULL = YES;
				CLANG_CXX_LANGUAGE_STANDARD = "gnu++0x";
				CLANG_CXX_LIBRARY = "libc++";
				CLANG_ENABLE_MODULES = YES;
				CLANG_ENABLE_OBJC_ARC = YES;
				CLANG_WARN_BOOL_CONVERSION = YES;
				CLANG_WARN_CONSTANT_CONVERSION = YES;
				CLANG_WARN_DIRECT_OBJC_ISA_USAGE = YES_ERROR;
				CLANG_WARN_EMPTY_BODY = YES;
				CLANG_WARN_ENUM_CONVERSION = YES;
				CLANG_WARN_INT_CONVERSION = YES;
				CLANG_WARN_OBJC_ROOT_CLASS = YES_ERROR;
				CLANG_WARN_UNREACHABLE_CODE = YES;
				CLANG_WARN__DUPLICATE_METHOD_MATCH = YES;
				"CODE_SIGN_IDENTITY[sdk=iphoneos*]" = "iPhone Developer";
				COPY_PHASE_STRIP = NO;
				DEBUG_INFORMATION_FORMAT = dwarf;
				ENABLE_STRICT_OBJC_MSGSEND = YES;
				ENABLE_TESTABILITY = YES;
				GCC_C_LANGUAGE_STANDARD = gnu99;
				GCC_DYNAMIC_NO_PIC = NO;
				GCC_NO_COMMON_BLOCKS = YES;
				GCC_OPTIMIZATION_LEVEL = 0;
				GCC_PREPROCESSOR_DEFINITIONS = (
					"DEBUG=1",
					"$(inherited)",
				);
				GCC_WARN_64_TO_32_BIT_CONVERSION = YES;
				GCC_WARN_ABOUT_RETURN_TYPE = YES_ERROR;
				GCC_WARN_UNDECLARED_SELECTOR = YES;
				GCC_WARN_UNINITIALIZED_AUTOS = YES_AGGRESSIVE;
				GCC_WARN_UNUSED_FUNCTION = YES;
				GCC_WARN_UNUSED_VARIABLE = YES;
				IPHONEOS_DEPLOYMENT_TARGET = 9.3;
				MTL_ENABLE_DEBUG_INFO = YES;
				ONLY_ACTIVE_ARCH = YES;
				SDKROOT = iphoneos;
				SWIFT_OPTIMIZATION_LEVEL = "-Onone";
				TARGETED_DEVICE_FAMILY = "1,2";
			};
			name = Debug;
		};
		C4468EBA1CDB12F1002A3D3D /* Release */ = {
			isa = XCBuildConfiguration;
			buildSettings = {
				ALWAYS_SEARCH_USER_PATHS = NO;
				CLANG_ANALYZER_NONNULL = YES;
				CLANG_CXX_LANGUAGE_STANDARD = "gnu++0x";
				CLANG_CXX_LIBRARY = "libc++";
				CLANG_ENABLE_MODULES = YES;
				CLANG_ENABLE_OBJC_ARC = YES;
				CLANG_WARN_BOOL_CONVERSION = YES;
				CLANG_WARN_CONSTANT_CONVERSION = YES;
				CLANG_WARN_DIRECT_OBJC_ISA_USAGE = YES_ERROR;
				CLANG_WARN_EMPTY_BODY = YES;
				CLANG_WARN_ENUM_CONVERSION = YES;
				CLANG_WARN_INT_CONVERSION = YES;
				CLANG_WARN_OBJC_ROOT_CLASS = YES_ERROR;
				CLANG_WARN_UNREACHABLE_CODE = YES;
				CLANG_WARN__DUPLICATE_METHOD_MATCH = YES;
				"CODE_SIGN_IDENTITY[sdk=iphoneos*]" = "iPhone Developer";
				COPY_PHASE_STRIP = NO;
				DEBUG_INFORMATION_FORMAT = "dwarf-with-dsym";
				ENABLE_NS_ASSERTIONS = NO;
				ENABLE_STRICT_OBJC_MSGSEND = YES;
				GCC_C_LANGUAGE_STANDARD = gnu99;
				GCC_NO_COMMON_BLOCKS = YES;
				GCC_WARN_64_TO_32_BIT_CONVERSION = YES;
				GCC_WARN_ABOUT_RETURN_TYPE = YES_ERROR;
				GCC_WARN_UNDECLARED_SELECTOR = YES;
				GCC_WARN_UNINITIALIZED_AUTOS = YES_AGGRESSIVE;
				GCC_WARN_UNUSED_FUNCTION = YES;
				GCC_WARN_UNUSED_VARIABLE = YES;
				IPHONEOS_DEPLOYMENT_TARGET = 9.3;
				MTL_ENABLE_DEBUG_INFO = NO;
				SDKROOT = iphoneos;
				TARGETED_DEVICE_FAMILY = "1,2";
				VALIDATE_PRODUCT = YES;
			};
			name = Release;
		};
		C4468EBC1CDB12F1002A3D3D /* Debug */ = {
			isa = XCBuildConfiguration;
			buildSettings = {
				ASSETCATALOG_COMPILER_APPICON_NAME = AppIcon;
				INFOPLIST_FILE = "Click Counter/Info.plist";
				LD_RUNPATH_SEARCH_PATHS = "$(inherited) @executable_path/Frameworks";
				PRODUCT_BUNDLE_IDENTIFIER = "com.hevets.Click-Counter";
				PRODUCT_NAME = "$(TARGET_NAME)";
			};
			name = Debug;
		};
		C4468EBD1CDB12F1002A3D3D /* Release */ = {
			isa = XCBuildConfiguration;
			buildSettings = {
				ASSETCATALOG_COMPILER_APPICON_NAME = AppIcon;
				INFOPLIST_FILE = "Click Counter/Info.plist";
				LD_RUNPATH_SEARCH_PATHS = "$(inherited) @executable_path/Frameworks";
				PRODUCT_BUNDLE_IDENTIFIER = "com.hevets.Click-Counter";
				PRODUCT_NAME = "$(TARGET_NAME)";
			};
			name = Release;
		};
/* End XCBuildConfiguration section */

/* Begin XCConfigurationList section */
		C4468EA41CDB12F1002A3D3D /* Build configuration list for PBXProject "Click Counter" */ = {
			isa = XCConfigurationList;
			buildConfigurations = (
				C4468EB91CDB12F1002A3D3D /* Debug */,
				C4468EBA1CDB12F1002A3D3D /* Release */,
			);
			defaultConfigurationIsVisible = 0;
			defaultConfigurationName = Release;
		};
		C4468EBB1CDB12F1002A3D3D /* Build configuration list for PBXNativeTarget "Click Counter" */ = {
			isa = XCConfigurationList;
			buildConfigurations = (
				C4468EBC1CDB12F1002A3D3D /* Debug */,
				C4468EBD1CDB12F1002A3D3D /* Release */,
			);
			defaultConfigurationIsVisible = 0;
		};
/* End XCConfigurationList section */
	};
	rootObject = C4468EA11CDB12F1002A3D3D /* Project object */;
}
